// !$*UTF8*$!
{
	archiveVersion = 1;
	classes = {
	};
	objectVersion = 48;
	objects = {

/* Begin PBXBuildFile section */
		970D0312205911D400D0B2B3 /* AppDelegate.m in Sources */ = {isa = PBXBuildFile; fileRef = 970D0311205911D400D0B2B3 /* AppDelegate.m */; };
		970D0315205911D400D0B2B3 /* ViewController.m in Sources */ = {isa = PBXBuildFile; fileRef = 970D0314205911D400D0B2B3 /* ViewController.m */; };
		970D0318205911D400D0B2B3 /* Main.storyboard in Resources */ = {isa = PBXBuildFile; fileRef = 970D0316205911D400D0B2B3 /* Main.storyboard */; };
		970D031B205911D400D0B2B3 /* NetworkRequestDemo.xcdatamodeld in Sources */ = {isa = PBXBuildFile; fileRef = 970D0319205911D400D0B2B3 /* NetworkRequestDemo.xcdatamodeld */; };
		970D031D205911D400D0B2B3 /* Assets.xcassets in Resources */ = {isa = PBXBuildFile; fileRef = 970D031C205911D400D0B2B3 /* Assets.xcassets */; };
		970D0320205911D400D0B2B3 /* LaunchScreen.storyboard in Resources */ = {isa = PBXBuildFile; fileRef = 970D031E205911D400D0B2B3 /* LaunchScreen.storyboard */; };
		970D0323205911D400D0B2B3 /* main.m in Sources */ = {isa = PBXBuildFile; fileRef = 970D0322205911D400D0B2B3 /* main.m */; };
		970D032D205911D400D0B2B3 /* NetworkRequestDemoTests.m in Sources */ = {isa = PBXBuildFile; fileRef = 970D032C205911D400D0B2B3 /* NetworkRequestDemoTests.m */; };
		970D0338205911D400D0B2B3 /* NetworkRequestDemoUITests.m in Sources */ = {isa = PBXBuildFile; fileRef = 970D0337205911D400D0B2B3 /* NetworkRequestDemoUITests.m */; };
		B769354F67C6159413A7BCA0 /* libPods-NetworkRequestDemo.a in Frameworks */ = {isa = PBXBuildFile; fileRef = F5A89FD4B17F05FEC18C87EB /* libPods-NetworkRequestDemo.a */; };
/* End PBXBuildFile section */

/* Begin PBXContainerItemProxy section */
		970D0329205911D400D0B2B3 /* PBXContainerItemProxy */ = {
			isa = PBXContainerItemProxy;
			containerPortal = 970D0305205911D300D0B2B3 /* Project object */;
			proxyType = 1;
			remoteGlobalIDString = 970D030C205911D300D0B2B3;
			remoteInfo = NetworkRequestDemo;
		};
		970D0334205911D400D0B2B3 /* PBXContainerItemProxy */ = {
			isa = PBXContainerItemProxy;
			containerPortal = 970D0305205911D300D0B2B3 /* Project object */;
			proxyType = 1;
			remoteGlobalIDString = 970D030C205911D300D0B2B3;
			remoteInfo = NetworkRequestDemo;
		};
/* End PBXContainerItemProxy section */

/* Begin PBXFileReference section */
		141352424F6A80D41C090478 /* Pods-NetworkRequestDemo.debug.xcconfig */ = {isa = PBXFileReference; includeInIndex = 1; lastKnownFileType = text.xcconfig; name = "Pods-NetworkRequestDemo.debug.xcconfig"; path = "../Pods/Target Support Files/Pods-NetworkRequestDemo/Pods-NetworkRequestDemo.debug.xcconfig"; sourceTree = "<group>"; };
		970D030D205911D300D0B2B3 /* NetworkRequestDemo.app */ = {isa = PBXFileReference; explicitFileType = wrapper.application; includeInIndex = 0; path = NetworkRequestDemo.app; sourceTree = BUILT_PRODUCTS_DIR; };
		970D0310205911D400D0B2B3 /* AppDelegate.h */ = {isa = PBXFileReference; lastKnownFileType = sourcecode.c.h; path = AppDelegate.h; sourceTree = "<group>"; };
		970D0311205911D400D0B2B3 /* AppDelegate.m */ = {isa = PBXFileReference; lastKnownFileType = sourcecode.c.objc; path = AppDelegate.m; sourceTree = "<group>"; };
		970D0313205911D400D0B2B3 /* ViewController.h */ = {isa = PBXFileReference; lastKnownFileType = sourcecode.c.h; path = ViewController.h; sourceTree = "<group>"; };
		970D0314205911D400D0B2B3 /* ViewController.m */ = {isa = PBXFileReference; lastKnownFileType = sourcecode.c.objc; path = ViewController.m; sourceTree = "<group>"; };
		970D0317205911D400D0B2B3 /* Base */ = {isa = PBXFileReference; lastKnownFileType = file.storyboard; name = Base; path = Base.lproj/Main.storyboard; sourceTree = "<group>"; };
		970D031A205911D400D0B2B3 /* NetworkRequestDemo.xcdatamodel */ = {isa = PBXFileReference; lastKnownFileType = wrapper.xcdatamodel; path = NetworkRequestDemo.xcdatamodel; sourceTree = "<group>"; };
		970D031C205911D400D0B2B3 /* Assets.xcassets */ = {isa = PBXFileReference; lastKnownFileType = folder.assetcatalog; path = Assets.xcassets; sourceTree = "<group>"; };
		970D031F205911D400D0B2B3 /* Base */ = {isa = PBXFileReference; lastKnownFileType = file.storyboard; name = Base; path = Base.lproj/LaunchScreen.storyboard; sourceTree = "<group>"; };
		970D0321205911D400D0B2B3 /* Info.plist */ = {isa = PBXFileReference; lastKnownFileType = text.plist.xml; path = Info.plist; sourceTree = "<group>"; };
		970D0322205911D400D0B2B3 /* main.m */ = {isa = PBXFileReference; lastKnownFileType = sourcecode.c.objc; path = main.m; sourceTree = "<group>"; };
		970D0328205911D400D0B2B3 /* NetworkRequestDemoTests.xctest */ = {isa = PBXFileReference; explicitFileType = wrapper.cfbundle; includeInIndex = 0; path = NetworkRequestDemoTests.xctest; sourceTree = BUILT_PRODUCTS_DIR; };
		970D032C205911D400D0B2B3 /* NetworkRequestDemoTests.m */ = {isa = PBXFileReference; lastKnownFileType = sourcecode.c.objc; path = NetworkRequestDemoTests.m; sourceTree = "<group>"; };
		970D032E205911D400D0B2B3 /* Info.plist */ = {isa = PBXFileReference; lastKnownFileType = text.plist.xml; path = Info.plist; sourceTree = "<group>"; };
		970D0333205911D400D0B2B3 /* NetworkRequestDemoUITests.xctest */ = {isa = PBXFileReference; explicitFileType = wrapper.cfbundle; includeInIndex = 0; path = NetworkRequestDemoUITests.xctest; sourceTree = BUILT_PRODUCTS_DIR; };
		970D0337205911D400D0B2B3 /* NetworkRequestDemoUITests.m */ = {isa = PBXFileReference; lastKnownFileType = sourcecode.c.objc; path = NetworkRequestDemoUITests.m; sourceTree = "<group>"; };
		970D0339205911D400D0B2B3 /* Info.plist */ = {isa = PBXFileReference; lastKnownFileType = text.plist.xml; path = Info.plist; sourceTree = "<group>"; };
		D55917502A47AAB1690853F4 /* Pods-NetworkRequestDemo.release.xcconfig */ = {isa = PBXFileReference; includeInIndex = 1; lastKnownFileType = text.xcconfig; name = "Pods-NetworkRequestDemo.release.xcconfig"; path = "../Pods/Target Support Files/Pods-NetworkRequestDemo/Pods-NetworkRequestDemo.release.xcconfig"; sourceTree = "<group>"; };
		F5A89FD4B17F05FEC18C87EB /* libPods-NetworkRequestDemo.a */ = {isa = PBXFileReference; explicitFileType = archive.ar; includeInIndex = 0; path = "libPods-NetworkRequestDemo.a"; sourceTree = BUILT_PRODUCTS_DIR; };
/* End PBXFileReference section */

/* Begin PBXFrameworksBuildPhase section */
		970D030A205911D300D0B2B3 /* Frameworks */ = {
			isa = PBXFrameworksBuildPhase;
			buildActionMask = 2147483647;
			files = (
				B769354F67C6159413A7BCA0 /* libPods-NetworkRequestDemo.a in Frameworks */,
			);
			runOnlyForDeploymentPostprocessing = 0;
		};
		970D0325205911D400D0B2B3 /* Frameworks */ = {
			isa = PBXFrameworksBuildPhase;
			buildActionMask = 2147483647;
			files = (
			);
			runOnlyForDeploymentPostprocessing = 0;
		};
		970D0330205911D400D0B2B3 /* Frameworks */ = {
			isa = PBXFrameworksBuildPhase;
			buildActionMask = 2147483647;
			files = (
			);
			runOnlyForDeploymentPostprocessing = 0;
		};
/* End PBXFrameworksBuildPhase section */

/* Begin PBXGroup section */
		27B80217BCC016C52328D84E /* Pods */ = {
			isa = PBXGroup;
			children = (
				141352424F6A80D41C090478 /* Pods-NetworkRequestDemo.debug.xcconfig */,
				D55917502A47AAB1690853F4 /* Pods-NetworkRequestDemo.release.xcconfig */,
			);
			name = Pods;
			sourceTree = "<group>";
		};
		970D0304205911D300D0B2B3 = {
			isa = PBXGroup;
			children = (
				970D030F205911D300D0B2B3 /* NetworkRequestDemo */,
				970D032B205911D400D0B2B3 /* NetworkRequestDemoTests */,
				970D0336205911D400D0B2B3 /* NetworkRequestDemoUITests */,
				970D030E205911D300D0B2B3 /* Products */,
				27B80217BCC016C52328D84E /* Pods */,
				CC6DAA1508B25B1171D3C94F /* Frameworks */,
			);
			sourceTree = "<group>";
		};
		970D030E205911D300D0B2B3 /* Products */ = {
			isa = PBXGroup;
			children = (
				970D030D205911D300D0B2B3 /* NetworkRequestDemo.app */,
				970D0328205911D400D0B2B3 /* NetworkRequestDemoTests.xctest */,
				970D0333205911D400D0B2B3 /* NetworkRequestDemoUITests.xctest */,
			);
			name = Products;
			sourceTree = "<group>";
		};
		970D030F205911D300D0B2B3 /* NetworkRequestDemo */ = {
			isa = PBXGroup;
			children = (
				970D0310205911D400D0B2B3 /* AppDelegate.h */,
				970D0311205911D400D0B2B3 /* AppDelegate.m */,
				970D0313205911D400D0B2B3 /* ViewController.h */,
				970D0314205911D400D0B2B3 /* ViewController.m */,
				970D0316205911D400D0B2B3 /* Main.storyboard */,
				970D031C205911D400D0B2B3 /* Assets.xcassets */,
				970D031E205911D400D0B2B3 /* LaunchScreen.storyboard */,
				970D0321205911D400D0B2B3 /* Info.plist */,
				970D0322205911D400D0B2B3 /* main.m */,
				970D0319205911D400D0B2B3 /* NetworkRequestDemo.xcdatamodeld */,
			);
			path = NetworkRequestDemo;
			sourceTree = "<group>";
		};
		970D032B205911D400D0B2B3 /* NetworkRequestDemoTests */ = {
			isa = PBXGroup;
			children = (
				970D032C205911D400D0B2B3 /* NetworkRequestDemoTests.m */,
				970D032E205911D400D0B2B3 /* Info.plist */,
			);
			path = NetworkRequestDemoTests;
			sourceTree = "<group>";
		};
		970D0336205911D400D0B2B3 /* NetworkRequestDemoUITests */ = {
			isa = PBXGroup;
			children = (
				970D0337205911D400D0B2B3 /* NetworkRequestDemoUITests.m */,
				970D0339205911D400D0B2B3 /* Info.plist */,
			);
			path = NetworkRequestDemoUITests;
			sourceTree = "<group>";
		};
		CC6DAA1508B25B1171D3C94F /* Frameworks */ = {
			isa = PBXGroup;
			children = (
				F5A89FD4B17F05FEC18C87EB /* libPods-NetworkRequestDemo.a */,
			);
			name = Frameworks;
			sourceTree = "<group>";
		};
/* End PBXGroup section */

/* Begin PBXNativeTarget section */
		970D030C205911D300D0B2B3 /* NetworkRequestDemo */ = {
			isa = PBXNativeTarget;
			buildConfigurationList = 970D033C205911D400D0B2B3 /* Build configuration list for PBXNativeTarget "NetworkRequestDemo" */;
			buildPhases = (
				EFC3022B7A165972AE9C174A /* [CP] Check Pods Manifest.lock */,
				970D0309205911D300D0B2B3 /* Sources */,
				970D030A205911D300D0B2B3 /* Frameworks */,
				970D030B205911D300D0B2B3 /* Resources */,
				D0932DFFF2AD6463B510E47C /* [CP] Embed Pods Frameworks */,
				AE6F5F25E099D9A5DADDD3F2 /* [CP] Copy Pods Resources */,
			);
			buildRules = (
			);
			dependencies = (
			);
			name = NetworkRequestDemo;
			productName = NetworkRequestDemo;
			productReference = 970D030D205911D300D0B2B3 /* NetworkRequestDemo.app */;
			productType = "com.apple.product-type.application";
		};
		970D0327205911D400D0B2B3 /* NetworkRequestDemoTests */ = {
			isa = PBXNativeTarget;
			buildConfigurationList = 970D033F205911D400D0B2B3 /* Build configuration list for PBXNativeTarget "NetworkRequestDemoTests" */;
			buildPhases = (
				970D0324205911D400D0B2B3 /* Sources */,
				970D0325205911D400D0B2B3 /* Frameworks */,
				970D0326205911D400D0B2B3 /* Resources */,
			);
			buildRules = (
			);
			dependencies = (
				970D032A205911D400D0B2B3 /* PBXTargetDependency */,
			);
			name = NetworkRequestDemoTests;
			productName = NetworkRequestDemoTests;
			productReference = 970D0328205911D400D0B2B3 /* NetworkRequestDemoTests.xctest */;
			productType = "com.apple.product-type.bundle.unit-test";
		};
		970D0332205911D400D0B2B3 /* NetworkRequestDemoUITests */ = {
			isa = PBXNativeTarget;
			buildConfigurationList = 970D0342205911D400D0B2B3 /* Build configuration list for PBXNativeTarget "NetworkRequestDemoUITests" */;
			buildPhases = (
				970D032F205911D400D0B2B3 /* Sources */,
				970D0330205911D400D0B2B3 /* Frameworks */,
				970D0331205911D400D0B2B3 /* Resources */,
			);
			buildRules = (
			);
			dependencies = (
				970D0335205911D400D0B2B3 /* PBXTargetDependency */,
			);
			name = NetworkRequestDemoUITests;
			productName = NetworkRequestDemoUITests;
			productReference = 970D0333205911D400D0B2B3 /* NetworkRequestDemoUITests.xctest */;
			productType = "com.apple.product-type.bundle.ui-testing";
		};
/* End PBXNativeTarget section */

/* Begin PBXProject section */
		970D0305205911D300D0B2B3 /* Project object */ = {
			isa = PBXProject;
			attributes = {
				LastUpgradeCheck = 0920;
				ORGANIZATIONNAME = useeinfo;
				TargetAttributes = {
					970D030C205911D300D0B2B3 = {
						CreatedOnToolsVersion = 9.2;
						ProvisioningStyle = Automatic;
					};
					970D0327205911D400D0B2B3 = {
						CreatedOnToolsVersion = 9.2;
						ProvisioningStyle = Automatic;
						TestTargetID = 970D030C205911D300D0B2B3;
					};
					970D0332205911D400D0B2B3 = {
						CreatedOnToolsVersion = 9.2;
						ProvisioningStyle = Automatic;
						TestTargetID = 970D030C205911D300D0B2B3;
					};
				};
			};
			buildConfigurationList = 970D0308205911D300D0B2B3 /* Build configuration list for PBXProject "NetworkRequestDemo" */;
			compatibilityVersion = "Xcode 8.0";
			developmentRegion = en;
			hasScannedForEncodings = 0;
			knownRegions = (
				en,
				Base,
			);
			mainGroup = 970D0304205911D300D0B2B3;
			productRefGroup = 970D030E205911D300D0B2B3 /* Products */;
			projectDirPath = "";
			projectRoot = "";
			targets = (
				970D030C205911D300D0B2B3 /* NetworkRequestDemo */,
				970D0327205911D400D0B2B3 /* NetworkRequestDemoTests */,
				970D0332205911D400D0B2B3 /* NetworkRequestDemoUITests */,
			);
		};
/* End PBXProject section */

/* Begin PBXResourcesBuildPhase section */
		970D030B205911D300D0B2B3 /* Resources */ = {
			isa = PBXResourcesBuildPhase;
			buildActionMask = 2147483647;
			files = (
				970D0320205911D400D0B2B3 /* LaunchScreen.storyboard in Resources */,
				970D031D205911D400D0B2B3 /* Assets.xcassets in Resources */,
				970D0318205911D400D0B2B3 /* Main.storyboard in Resources */,
			);
			runOnlyForDeploymentPostprocessing = 0;
		};
		970D0326205911D400D0B2B3 /* Resources */ = {
			isa = PBXResourcesBuildPhase;
			buildActionMask = 2147483647;
			files = (
			);
			runOnlyForDeploymentPostprocessing = 0;
		};
		970D0331205911D400D0B2B3 /* Resources */ = {
			isa = PBXResourcesBuildPhase;
			buildActionMask = 2147483647;
			files = (
			);
			runOnlyForDeploymentPostprocessing = 0;
		};
/* End PBXResourcesBuildPhase section */

/* Begin PBXShellScriptBuildPhase section */
		AE6F5F25E099D9A5DADDD3F2 /* [CP] Copy Pods Resources */ = {
			isa = PBXShellScriptBuildPhase;
			buildActionMask = 2147483647;
			files = (
			);
			inputPaths = (
			);
			name = "[CP] Copy Pods Resources";
			outputPaths = (
			);
			runOnlyForDeploymentPostprocessing = 0;
			shellPath = /bin/sh;
			shellScript = "\"${SRCROOT}/../Pods/Target Support Files/Pods-NetworkRequestDemo/Pods-NetworkRequestDemo-resources.sh\"\n";
			showEnvVarsInLog = 0;
		};
		D0932DFFF2AD6463B510E47C /* [CP] Embed Pods Frameworks */ = {
			isa = PBXShellScriptBuildPhase;
			buildActionMask = 2147483647;
			files = (
			);
			inputPaths = (
			);
			name = "[CP] Embed Pods Frameworks";
			outputPaths = (
			);
			runOnlyForDeploymentPostprocessing = 0;
			shellPath = /bin/sh;
			shellScript = "\"${SRCROOT}/../Pods/Target Support Files/Pods-NetworkRequestDemo/Pods-NetworkRequestDemo-frameworks.sh\"\n";
			showEnvVarsInLog = 0;
		};
		EFC3022B7A165972AE9C174A /* [CP] Check Pods Manifest.lock */ = {
			isa = PBXShellScriptBuildPhase;
			buildActionMask = 2147483647;
			files = (
			);
			inputPaths = (
				"${PODS_PODFILE_DIR_PATH}/Podfile.lock",
				"${PODS_ROOT}/Manifest.lock",
			);
			name = "[CP] Check Pods Manifest.lock";
			outputPaths = (
				"$(DERIVED_FILE_DIR)/Pods-NetworkRequestDemo-checkManifestLockResult.txt",
			);
			runOnlyForDeploymentPostprocessing = 0;
			shellPath = /bin/sh;
			shellScript = "diff \"${PODS_PODFILE_DIR_PATH}/Podfile.lock\" \"${PODS_ROOT}/Manifest.lock\" > /dev/null\nif [ $? != 0 ] ; then\n    # print error to STDERR\n    echo \"error: The sandbox is not in sync with the Podfile.lock. Run 'pod install' or update your CocoaPods installation.\" >&2\n    exit 1\nfi\n# This output is used by Xcode 'outputs' to avoid re-running this script phase.\necho \"SUCCESS\" > \"${SCRIPT_OUTPUT_FILE_0}\"\n";
			showEnvVarsInLog = 0;
		};
/* End PBXShellScriptBuildPhase section */

/* Begin PBXSourcesBuildPhase section */
		970D0309205911D300D0B2B3 /* Sources */ = {
			isa = PBXSourcesBuildPhase;
			buildActionMask = 2147483647;
			files = (
				970D0315205911D400D0B2B3 /* ViewController.m in Sources */,
				970D0312205911D400D0B2B3 /* AppDelegate.m in Sources */,
				970D0323205911D400D0B2B3 /* main.m in Sources */,
				970D031B205911D400D0B2B3 /* NetworkRequestDemo.xcdatamodeld in Sources */,
			);
			runOnlyForDeploymentPostprocessing = 0;
		};
		970D0324205911D400D0B2B3 /* Sources */ = {
			isa = PBXSourcesBuildPhase;
			buildActionMask = 2147483647;
			files = (
				970D032D205911D400D0B2B3 /* NetworkRequestDemoTests.m in Sources */,
			);
			runOnlyForDeploymentPostprocessing = 0;
		};
		970D032F205911D400D0B2B3 /* Sources */ = {
			isa = PBXSourcesBuildPhase;
			buildActionMask = 2147483647;
			files = (
				970D0338205911D400D0B2B3 /* NetworkRequestDemoUITests.m in Sources */,
			);
			runOnlyForDeploymentPostprocessing = 0;
		};
/* End PBXSourcesBuildPhase section */

/* Begin PBXTargetDependency section */
		970D032A205911D400D0B2B3 /* PBXTargetDependency */ = {
			isa = PBXTargetDependency;
			target = 970D030C205911D300D0B2B3 /* NetworkRequestDemo */;
			targetProxy = 970D0329205911D400D0B2B3 /* PBXContainerItemProxy */;
		};
		970D0335205911D400D0B2B3 /* PBXTargetDependency */ = {
			isa = PBXTargetDependency;
			target = 970D030C205911D300D0B2B3 /* NetworkRequestDemo */;
			targetProxy = 970D0334205911D400D0B2B3 /* PBXContainerItemProxy */;
		};
/* End PBXTargetDependency section */

/* Begin PBXVariantGroup section */
		970D0316205911D400D0B2B3 /* Main.storyboard */ = {
			isa = PBXVariantGroup;
			children = (
				970D0317205911D400D0B2B3 /* Base */,
			);
			name = Main.storyboard;
			sourceTree = "<group>";
		};
		970D031E205911D400D0B2B3 /* LaunchScreen.storyboard */ = {
			isa = PBXVariantGroup;
			children = (
				970D031F205911D400D0B2B3 /* Base */,
			);
			name = LaunchScreen.storyboard;
			sourceTree = "<group>";
		};
/* End PBXVariantGroup section */

/* Begin XCBuildConfiguration section */
		970D033A205911D400D0B2B3 /* Debug */ = {
			isa = XCBuildConfiguration;
			buildSettings = {
				ALWAYS_SEARCH_USER_PATHS = NO;
				CLANG_ANALYZER_NONNULL = YES;
				CLANG_ANALYZER_NUMBER_OBJECT_CONVERSION = YES_AGGRESSIVE;
				CLANG_CXX_LANGUAGE_STANDARD = "gnu++14";
				CLANG_CXX_LIBRARY = "libc++";
				CLANG_ENABLE_MODULES = YES;
				CLANG_ENABLE_OBJC_ARC = YES;
				CLANG_WARN_BLOCK_CAPTURE_AUTORELEASING = YES;
				CLANG_WARN_BOOL_CONVERSION = YES;
				CLANG_WARN_COMMA = YES;
				CLANG_WARN_CONSTANT_CONVERSION = YES;
				CLANG_WARN_DIRECT_OBJC_ISA_USAGE = YES_ERROR;
				CLANG_WARN_DOCUMENTATION_COMMENTS = YES;
				CLANG_WARN_EMPTY_BODY = YES;
				CLANG_WARN_ENUM_CONVERSION = YES;
				CLANG_WARN_INFINITE_RECURSION = YES;
				CLANG_WARN_INT_CONVERSION = YES;
				CLANG_WARN_NON_LITERAL_NULL_CONVERSION = YES;
				CLANG_WARN_OBJC_LITERAL_CONVERSION = YES;
				CLANG_WARN_OBJC_ROOT_CLASS = YES_ERROR;
				CLANG_WARN_RANGE_LOOP_ANALYSIS = YES;
				CLANG_WARN_STRICT_PROTOTYPES = YES;
				CLANG_WARN_SUSPICIOUS_MOVE = YES;
				CLANG_WARN_UNGUARDED_AVAILABILITY = YES_AGGRESSIVE;
				CLANG_WARN_UNREACHABLE_CODE = YES;
				CLANG_WARN__DUPLICATE_METHOD_MATCH = YES;
				CODE_SIGN_IDENTITY = "iPhone Developer";
				COPY_PHASE_STRIP = NO;
				DEBUG_INFORMATION_FORMAT = dwarf;
				ENABLE_STRICT_OBJC_MSGSEND = YES;
				ENABLE_TESTABILITY = YES;
				GCC_C_LANGUAGE_STANDARD = gnu11;
				GCC_DYNAMIC_NO_PIC = NO;
				GCC_NO_COMMON_BLOCKS = YES;
				GCC_OPTIMIZATION_LEVEL = 0;
				GCC_PREPROCESSOR_DEFINITIONS = (
					"DEBUG=1",
					"$(inherited)",
				);
				GCC_WARN_64_TO_32_BIT_CONVERSION = YES;
				GCC_WARN_ABOUT_RETURN_TYPE = YES_ERROR;
				GCC_WARN_UNDECLARED_SELECTOR = YES;
				GCC_WARN_UNINITIALIZED_AUTOS = YES_AGGRESSIVE;
				GCC_WARN_UNUSED_FUNCTION = YES;
				GCC_WARN_UNUSED_VARIABLE = YES;
				IPHONEOS_DEPLOYMENT_TARGET = 11.2;
				MTL_ENABLE_DEBUG_INFO = YES;
				ONLY_ACTIVE_ARCH = YES;
				SDKROOT = iphoneos;
			};
			name = Debug;
		};
		970D033B205911D400D0B2B3 /* Release */ = {
			isa = XCBuildConfiguration;
			buildSettings = {
				ALWAYS_SEARCH_USER_PATHS = NO;
				CLANG_ANALYZER_NONNULL = YES;
				CLANG_ANALYZER_NUMBER_OBJECT_CONVERSION = YES_AGGRESSIVE;
				CLANG_CXX_LANGUAGE_STANDARD = "gnu++14";
				CLANG_CXX_LIBRARY = "libc++";
				CLANG_ENABLE_MODULES = YES;
				CLANG_ENABLE_OBJC_ARC = YES;
				CLANG_WARN_BLOCK_CAPTURE_AUTORELEASING = YES;
				CLANG_WARN_BOOL_CONVERSION = YES;
				CLANG_WARN_COMMA = YES;
				CLANG_WARN_CONSTANT_CONVERSION = YES;
				CLANG_WARN_DIRECT_OBJC_ISA_USAGE = YES_ERROR;
				CLANG_WARN_DOCUMENTATION_COMMENTS = YES;
				CLANG_WARN_EMPTY_BODY = YES;
				CLANG_WARN_ENUM_CONVERSION = YES;
				CLANG_WARN_INFINITE_RECURSION = YES;
				CLANG_WARN_INT_CONVERSION = YES;
				CLANG_WARN_NON_LITERAL_NULL_CONVERSION = YES;
				CLANG_WARN_OBJC_LITERAL_CONVERSION = YES;
				CLANG_WARN_OBJC_ROOT_CLASS = YES_ERROR;
				CLANG_WARN_RANGE_LOOP_ANALYSIS = YES;
				CLANG_WARN_STRICT_PROTOTYPES = YES;
				CLANG_WARN_SUSPICIOUS_MOVE = YES;
				CLANG_WARN_UNGUARDED_AVAILABILITY = YES_AGGRESSIVE;
				CLANG_WARN_UNREACHABLE_CODE = YES;
				CLANG_WARN__DUPLICATE_METHOD_MATCH = YES;
				CODE_SIGN_IDENTITY = "iPhone Developer";
				COPY_PHASE_STRIP = NO;
				DEBUG_INFORMATION_FORMAT = "dwarf-with-dsym";
				ENABLE_NS_ASSERTIONS = NO;
				ENABLE_STRICT_OBJC_MSGSEND = YES;
				GCC_C_LANGUAGE_STANDARD = gnu11;
				GCC_NO_COMMON_BLOCKS = YES;
				GCC_WARN_64_TO_32_BIT_CONVERSION = YES;
				GCC_WARN_ABOUT_RETURN_TYPE = YES_ERROR;
				GCC_WARN_UNDECLARED_SELECTOR = YES;
				GCC_WARN_UNINITIALIZED_AUTOS = YES_AGGRESSIVE;
				GCC_WARN_UNUSED_FUNCTION = YES;
				GCC_WARN_UNUSED_VARIABLE = YES;
				IPHONEOS_DEPLOYMENT_TARGET = 11.2;
				MTL_ENABLE_DEBUG_INFO = NO;
				SDKROOT = iphoneos;
				VALIDATE_PRODUCT = YES;
			};
			name = Release;
		};
		970D033D205911D400D0B2B3 /* Debug */ = {
			isa = XCBuildConfiguration;
			baseConfigurationReference = 141352424F6A80D41C090478 /* Pods-NetworkRequestDemo.debug.xcconfig */;
			buildSettings = {
				ASSETCATALOG_COMPILER_APPICON_NAME = AppIcon;
				CODE_SIGN_STYLE = Automatic;
				DEVELOPMENT_TEAM = AQNB798GH3;
				INFOPLIST_FILE = NetworkRequestDemo/Info.plist;
				LD_RUNPATH_SEARCH_PATHS = "$(inherited) @executable_path/Frameworks";
				PRODUCT_BUNDLE_IDENTIFIER = com.useeinfo.seePhoto.NetworkRequestDemo;
				PRODUCT_NAME = "$(TARGET_NAME)";
				TARGETED_DEVICE_FAMILY = "1,2";
			};
			name = Debug;
		};
		970D033E205911D400D0B2B3 /* Release */ = {
			isa = XCBuildConfiguration;
			baseConfigurationReference = D55917502A47AAB1690853F4 /* Pods-NetworkRequestDemo.release.xcconfig */;
			buildSettings = {
				ASSETCATALOG_COMPILER_APPICON_NAME = AppIcon;
				CODE_SIGN_STYLE = Automatic;
				DEVELOPMENT_TEAM = AQNB798GH3;
				INFOPLIST_FILE = NetworkRequestDemo/Info.plist;
				LD_RUNPATH_SEARCH_PATHS = "$(inherited) @executable_path/Frameworks";
				PRODUCT_BUNDLE_IDENTIFIER = com.useeinfo.seePhoto.NetworkRequestDemo;
				PRODUCT_NAME = "$(TARGET_NAME)";
				TARGETED_DEVICE_FAMILY = "1,2";
			};
			name = Release;
		};
		970D0340205911D400D0B2B3 /* Debug */ = {
			isa = XCBuildConfiguration;
			buildSettings = {
				BUNDLE_LOADER = "$(TEST_HOST)";
				CODE_SIGN_STYLE = Automatic;
				DEVELOPMENT_TEAM = AQNB798GH3;
				INFOPLIST_FILE = NetworkRequestDemoTests/Info.plist;
				LD_RUNPATH_SEARCH_PATHS = "$(inherited) @executable_path/Frameworks @loader_path/Frameworks";
				PRODUCT_BUNDLE_IDENTIFIER = com.useeinfo.seePhoto.NetworkRequestDemoTests;
				PRODUCT_NAME = "$(TARGET_NAME)";
				TARGETED_DEVICE_FAMILY = "1,2";
				TEST_HOST = "$(BUILT_PRODUCTS_DIR)/NetworkRequestDemo.app/NetworkRequestDemo";
			};
			name = Debug;
		};
		970D0341205911D400D0B2B3 /* Release */ = {
			isa = XCBuildConfiguration;
			buildSettings = {
				BUNDLE_LOADER = "$(TEST_HOST)";
				CODE_SIGN_STYLE = Automatic;
				DEVELOPMENT_TEAM = AQNB798GH3;
				INFOPLIST_FILE = NetworkRequestDemoTests/Info.plist;
				LD_RUNPATH_SEARCH_PATHS = "$(inherited) @executable_path/Frameworks @loader_path/Frameworks";
				PRODUCT_BUNDLE_IDENTIFIER = com.useeinfo.seePhoto.NetworkRequestDemoTests;
				PRODUCT_NAME = "$(TARGET_NAME)";
				TARGETED_DEVICE_FAMILY = "1,2";
				TEST_HOST = "$(BUILT_PRODUCTS_DIR)/NetworkRequestDemo.app/NetworkRequestDemo";
			};
			name = Release;
		};
		970D0343205911D400D0B2B3 /* Debug */ = {
			isa = XCBuildConfiguration;
			buildSettings = {
				CODE_SIGN_STYLE = Automatic;
				DEVELOPMENT_TEAM = AQNB798GH3;
				INFOPLIST_FILE = NetworkRequestDemoUITests/Info.plist;
				LD_RUNPATH_SEARCH_PATHS = "$(inherited) @executable_path/Frameworks @loader_path/Frameworks";
				PRODUCT_BUNDLE_IDENTIFIER = com.useeinfo.seePhoto.NetworkRequestDemoUITests;
				PRODUCT_NAME = "$(TARGET_NAME)";
				TARGETED_DEVICE_FAMILY = "1,2";
				TEST_TARGET_NAME = NetworkRequestDemo;
			};
			name = Debug;
		};
		970D0344205911D400D0B2B3 /* Release */ = {
			isa = XCBuildConfiguration;
			buildSettings = {
				CODE_SIGN_STYLE = Automatic;
				DEVELOPMENT_TEAM = AQNB798GH3;
				INFOPLIST_FILE = NetworkRequestDemoUITests/Info.plist;
				LD_RUNPATH_SEARCH_PATHS = "$(inherited) @executable_path/Frameworks @loader_path/Frameworks";
				PRODUCT_BUNDLE_IDENTIFIER = com.useeinfo.seePhoto.NetworkRequestDemoUITests;
				PRODUCT_NAME = "$(TARGET_NAME)";
				TARGETED_DEVICE_FAMILY = "1,2";
				TEST_TARGET_NAME = NetworkRequestDemo;
			};
			name = Release;
		};
/* End XCBuildConfiguration section */

/* Begin XCConfigurationList section */
		970D0308205911D300D0B2B3 /* Build configuration list for PBXProject "NetworkRequestDemo" */ = {
			isa = XCConfigurationList;
			buildConfigurations = (
				970D033A205911D400D0B2B3 /* Debug */,
				970D033B205911D400D0B2B3 /* Release */,
			);
			defaultConfigurationIsVisible = 0;
			defaultConfigurationName = Release;
		};
		970D033C205911D400D0B2B3 /* Build configuration list for PBXNativeTarget "NetworkRequestDemo" */ = {
			isa = XCConfigurationList;
			buildConfigurations = (
				970D033D205911D400D0B2B3 /* Debug */,
				970D033E205911D400D0B2B3 /* Release */,
			);
			defaultConfigurationIsVisible = 0;
			defaultConfigurationName = Release;
		};
		970D033F205911D400D0B2B3 /* Build configuration list for PBXNativeTarget "NetworkRequestDemoTests" */ = {
			isa = XCConfigurationList;
			buildConfigurations = (
				970D0340205911D400D0B2B3 /* Debug */,
				970D0341205911D400D0B2B3 /* Release */,
			);
			defaultConfigurationIsVisible = 0;
			defaultConfigurationName = Release;
		};
		970D0342205911D400D0B2B3 /* Build configuration list for PBXNativeTarget "NetworkRequestDemoUITests" */ = {
			isa = XCConfigurationList;
			buildConfigurations = (
				970D0343205911D400D0B2B3 /* Debug */,
				970D0344205911D400D0B2B3 /* Release */,
			);
			defaultConfigurationIsVisible = 0;
			defaultConfigurationName = Release;
		};
/* End XCConfigurationList section */

/* Begin XCVersionGroup section */
		970D0319205911D400D0B2B3 /* NetworkRequestDemo.xcdatamodeld */ = {
			isa = XCVersionGroup;
			children = (
				970D031A205911D400D0B2B3 /* NetworkRequestDemo.xcdatamodel */,
			);
			currentVersion = 970D031A205911D400D0B2B3 /* NetworkRequestDemo.xcdatamodel */;
			path = NetworkRequestDemo.xcdatamodeld;
			sourceTree = "<group>";
			versionGroupType = wrapper.xcdatamodel;
		};
/* End XCVersionGroup section */
	};
	rootObject = 970D0305205911D300D0B2B3 /* Project object */;
}
